
Microsoft Visual Studio Solution File, Format Version 12.00
# Visual Studio Version 17
VisualStudioVersion = 17.8.34525.116
MinimumVisualStudioVersion = 10.0.40219.1
Project("{FAE04EC0-301F-11D3-BF4B-00C04F79EFBC}") = "POEPART3CMCS", "POEPART3CMCS\POEPART3CMCS.csproj", "{C9470F32-0E4A-4B52-BA32-310F547D3E03}"
EndProject
Global
	GlobalSection(SolutionConfigurationPlatforms) = preSolution
		Debug|Any CPU = Debug|Any CPU
		Release|Any CPU = Release|Any CPU
	EndGlobalSection
	GlobalSection(ProjectConfigurationPlatforms) = postSolution
		{C9470F32-0E4A-4B52-BA32-310F547D3E03}.Debug|Any CPU.ActiveCfg = Debug|Any CPU
		{C9470F32-0E4A-4B52-BA32-310F547D3E03}.Debug|Any CPU.Build.0 = Debug|Any CPU
		{C9470F32-0E4A-4B52-BA32-310F547D3E03}.Release|Any CPU.ActiveCfg = Release|Any CPU
		{C9470F32-0E4A-4B52-BA32-310F547D3E03}.Release|Any CPU.Build.0 = Release|Any CPU
	EndGlobalSection
	GlobalSection(SolutionProperties) = preSolution
		HideSolutionNode = FALSE
	EndGlobalSection
	GlobalSection(ExtensibilityGlobals) = postSolution
		SolutionGuid = {F7E57A69-B528-477D-8292-835AE159632D}
	EndGlobalSection
EndGlobal
